
Microsoft Visual Studio Solution File, Format Version 12.00
# Visual Studio Version 17
VisualStudioVersion = 17.0.31903.59
MinimumVisualStudioVersion = 10.0.40219.1
Project("{FAE04EC0-301F-11D3-BF4B-00C04F79EFBC}") = "TheArchiver.API", "TheArchiver.API\TheArchiver.API.csproj", "{D2C29E8C-E253-483A-8980-8FA4E1A94792}"
EndProject
Project("{FAE04EC0-301F-11D3-BF4B-00C04F79EFBC}") = "TheArchiver.Data", "TheArchiver.Data\TheArchiver.Data.csproj", "{14A99009-DF00-402E-B596-B8E0DA3D9AE6}"
EndProject
Project("{FAE04EC0-301F-11D3-BF4B-00C04F79EFBC}") = "TheArchiver.DownloadWorker", "TheArchiver.DownloadWorker\TheArchiver.DownloadWorker.csproj", "{59DA11F2-BE34-43B8-A4E0-C571C0D0BAA2}"
EndProject
Project("{FAE04EC0-301F-11D3-BF4B-00C04F79EFBC}") = "TheArchiver.Host", "TheArchiver.Host\TheArchiver.Host.csproj", "{13169D42-2F10-474A-B332-0FA668022F13}"
EndProject
Project("{FAE04EC0-301F-11D3-BF4B-00C04F79EFBC}") = "TheArchiver.ServiceDefaults", "TheArchiver.ServiceDefaults\TheArchiver.ServiceDefaults.csproj", "{6D7491EA-B8BD-43A0-AF59-4D9B4E9813E0}"
EndProject
Project("{FAE04EC0-301F-11D3-BF4B-00C04F79EFBC}") = "TheArchiver.DownloadPluginAPI", "TheArchiver.DownloadPluginAPI\TheArchiver.DownloadPluginAPI.csproj", "{7DEFAC55-49B5-4056-B959-35C342DCDE2F}"
EndProject
Project("{FAE04EC0-301F-11D3-BF4B-00C04F79EFBC}") = "TheArchiver.MigrationService", "TheArchiver.MigrationService\TheArchiver.MigrationService.csproj", "{459BB8DF-75E6-44C4-9B7C-9E3569084DF0}"
EndProject
Project("{FAE04EC0-301F-11D3-BF4B-00C04F79EFBC}") = "Tests", "Tests\Tests.csproj", "{82A97FFC-4F1D-4D63-B9F2-A64555FCAA17}"
EndProject
Project("{FAE04EC0-301F-11D3-BF4B-00C04F79EFBC}") = "ffmpeg", "ffmpeg\ffmpeg.csproj", "{65EC1E7B-450A-4677-B4C2-79B46E8EA37B}"
EndProject
Project("{FAE04EC0-301F-11D3-BF4B-00C04F79EFBC}") = "TheArchiver.Monitor", "TheArchiver.Monitor\TheArchiver.Monitor.csproj", "{600EDA53-FD5F-4481-A491-587BA5A35591}"
EndProject
Global
	GlobalSection(SolutionConfigurationPlatforms) = preSolution
		Debug|Any CPU = Debug|Any CPU
		Release|Any CPU = Release|Any CPU
	EndGlobalSection
	GlobalSection(SolutionProperties) = preSolution
		HideSolutionNode = FALSE
	EndGlobalSection
	GlobalSection(ProjectConfigurationPlatforms) = postSolution
		{D2C29E8C-E253-483A-8980-8FA4E1A94792}.Debug|Any CPU.ActiveCfg = Debug|Any CPU
		{D2C29E8C-E253-483A-8980-8FA4E1A94792}.Debug|Any CPU.Build.0 = Debug|Any CPU
		{D2C29E8C-E253-483A-8980-8FA4E1A94792}.Release|Any CPU.ActiveCfg = Release|Any CPU
		{D2C29E8C-E253-483A-8980-8FA4E1A94792}.Release|Any CPU.Build.0 = Release|Any CPU
		{14A99009-DF00-402E-B596-B8E0DA3D9AE6}.Debug|Any CPU.ActiveCfg = Debug|Any CPU
		{14A99009-DF00-402E-B596-B8E0DA3D9AE6}.Debug|Any CPU.Build.0 = Debug|Any CPU
		{14A99009-DF00-402E-B596-B8E0DA3D9AE6}.Release|Any CPU.ActiveCfg = Release|Any CPU
		{14A99009-DF00-402E-B596-B8E0DA3D9AE6}.Release|Any CPU.Build.0 = Release|Any CPU
		{59DA11F2-BE34-43B8-A4E0-C571C0D0BAA2}.Debug|Any CPU.ActiveCfg = Debug|Any CPU
		{59DA11F2-BE34-43B8-A4E0-C571C0D0BAA2}.Debug|Any CPU.Build.0 = Debug|Any CPU
		{59DA11F2-BE34-43B8-A4E0-C571C0D0BAA2}.Release|Any CPU.ActiveCfg = Release|Any CPU
		{59DA11F2-BE34-43B8-A4E0-C571C0D0BAA2}.Release|Any CPU.Build.0 = Release|Any CPU
		{13169D42-2F10-474A-B332-0FA668022F13}.Debug|Any CPU.ActiveCfg = Debug|Any CPU
		{13169D42-2F10-474A-B332-0FA668022F13}.Debug|Any CPU.Build.0 = Debug|Any CPU
		{13169D42-2F10-474A-B332-0FA668022F13}.Release|Any CPU.ActiveCfg = Release|Any CPU
		{13169D42-2F10-474A-B332-0FA668022F13}.Release|Any CPU.Build.0 = Release|Any CPU
		{6D7491EA-B8BD-43A0-AF59-4D9B4E9813E0}.Debug|Any CPU.ActiveCfg = Debug|Any CPU
		{6D7491EA-B8BD-43A0-AF59-4D9B4E9813E0}.Debug|Any CPU.Build.0 = Debug|Any CPU
		{6D7491EA-B8BD-43A0-AF59-4D9B4E9813E0}.Release|Any CPU.ActiveCfg = Release|Any CPU
		{6D7491EA-B8BD-43A0-AF59-4D9B4E9813E0}.Release|Any CPU.Build.0 = Release|Any CPU
		{7DEFAC55-49B5-4056-B959-35C342DCDE2F}.Debug|Any CPU.ActiveCfg = Debug|Any CPU
		{7DEFAC55-49B5-4056-B959-35C342DCDE2F}.Debug|Any CPU.Build.0 = Debug|Any CPU
		{7DEFAC55-49B5-4056-B959-35C342DCDE2F}.Release|Any CPU.ActiveCfg = Release|Any CPU
		{7DEFAC55-49B5-4056-B959-35C342DCDE2F}.Release|Any CPU.Build.0 = Release|Any CPU
		{459BB8DF-75E6-44C4-9B7C-9E3569084DF0}.Debug|Any CPU.ActiveCfg = Debug|Any CPU
		{459BB8DF-75E6-44C4-9B7C-9E3569084DF0}.Debug|Any CPU.Build.0 = Debug|Any CPU
		{459BB8DF-75E6-44C4-9B7C-9E3569084DF0}.Release|Any CPU.ActiveCfg = Release|Any CPU
		{459BB8DF-75E6-44C4-9B7C-9E3569084DF0}.Release|Any CPU.Build.0 = Release|Any CPU
		{82A97FFC-4F1D-4D63-B9F2-A64555FCAA17}.Debug|Any CPU.ActiveCfg = Debug|Any CPU
		{82A97FFC-4F1D-4D63-B9F2-A64555FCAA17}.Debug|Any CPU.Build.0 = Debug|Any CPU
		{82A97FFC-4F1D-4D63-B9F2-A64555FCAA17}.Release|Any CPU.ActiveCfg = Release|Any CPU
		{82A97FFC-4F1D-4D63-B9F2-A64555FCAA17}.Release|Any CPU.Build.0 = Release|Any CPU
		{65EC1E7B-450A-4677-B4C2-79B46E8EA37B}.Debug|Any CPU.ActiveCfg = Debug|Any CPU
		{65EC1E7B-450A-4677-B4C2-79B46E8EA37B}.Debug|Any CPU.Build.0 = Debug|Any CPU
		{65EC1E7B-450A-4677-B4C2-79B46E8EA37B}.Release|Any CPU.ActiveCfg = Release|Any CPU
		{65EC1E7B-450A-4677-B4C2-79B46E8EA37B}.Release|Any CPU.Build.0 = Release|Any CPU
		{600EDA53-FD5F-4481-A491-587BA5A35591}.Debug|Any CPU.ActiveCfg = Debug|Any CPU
		{600EDA53-FD5F-4481-A491-587BA5A35591}.Debug|Any CPU.Build.0 = Debug|Any CPU
		{600EDA53-FD5F-4481-A491-587BA5A35591}.Release|Any CPU.ActiveCfg = Release|Any CPU
		{600EDA53-FD5F-4481-A491-587BA5A35591}.Release|Any CPU.Build.0 = Release|Any CPU
	EndGlobalSection
EndGlobal
